
Microsoft Visual Studio Solution File, Format Version 12.00
# Visual Studio Version 17
VisualStudioVersion = 17.14.36511.14 d17.14
MinimumVisualStudioVersion = 10.0.40219.1
Project("{FAE04EC0-301F-11D3-BF4B-00C04F79EFBC}") = "MilkTea.Server", "MilkTea.Server\MilkTea.Server.csproj", "{FF08E7D8-7548-433B-8A38-F734FDD0F5EE}"
EndProject
Project("{FAE04EC0-301F-11D3-BF4B-00C04F79EFBC}") = "MilkTea.Models", "MilkTea.Models\MilkTea.Models.csproj", "{49207650-CC9C-4DA6-9A66-C27076C384CE}"
EndProject
Project("{FAE04EC0-301F-11D3-BF4B-00C04F79EFBC}") = "MilkTea.Repositories", "MilkTea.Repositories\MilkTea.Repositories.csproj", "{99E5315C-EF2F-4D80-9482-8A63C2AEAD6C}"
EndProject
Project("{FAE04EC0-301F-11D3-BF4B-00C04F79EFBC}") = "MilkTea.Data", "MilkTea.Data\MilkTea.Data.csproj", "{D8D5B2C5-121D-426D-9122-90045297F36B}"
EndProject
Project("{FAE04EC0-301F-11D3-BF4B-00C04F79EFBC}") = "MilkTea.Controller", "MilkTea.Controller\MilkTea.Controller.csproj", "{7673DD79-F7F4-4F4C-90EF-21AB188F87B6}"
EndProject
Global
	GlobalSection(SolutionConfigurationPlatforms) = preSolution
		Debug|Any CPU = Debug|Any CPU
		Release|Any CPU = Release|Any CPU
	EndGlobalSection
	GlobalSection(ProjectConfigurationPlatforms) = postSolution
		{FF08E7D8-7548-433B-8A38-F734FDD0F5EE}.Debug|Any CPU.ActiveCfg = Debug|Any CPU
		{FF08E7D8-7548-433B-8A38-F734FDD0F5EE}.Debug|Any CPU.Build.0 = Debug|Any CPU
		{FF08E7D8-7548-433B-8A38-F734FDD0F5EE}.Release|Any CPU.ActiveCfg = Release|Any CPU
		{FF08E7D8-7548-433B-8A38-F734FDD0F5EE}.Release|Any CPU.Build.0 = Release|Any CPU
		{49207650-CC9C-4DA6-9A66-C27076C384CE}.Debug|Any CPU.ActiveCfg = Debug|Any CPU
		{49207650-CC9C-4DA6-9A66-C27076C384CE}.Debug|Any CPU.Build.0 = Debug|Any CPU
		{49207650-CC9C-4DA6-9A66-C27076C384CE}.Release|Any CPU.ActiveCfg = Release|Any CPU
		{49207650-CC9C-4DA6-9A66-C27076C384CE}.Release|Any CPU.Build.0 = Release|Any CPU
		{99E5315C-EF2F-4D80-9482-8A63C2AEAD6C}.Debug|Any CPU.ActiveCfg = Debug|Any CPU
		{99E5315C-EF2F-4D80-9482-8A63C2AEAD6C}.Debug|Any CPU.Build.0 = Debug|Any CPU
		{99E5315C-EF2F-4D80-9482-8A63C2AEAD6C}.Release|Any CPU.ActiveCfg = Release|Any CPU
		{99E5315C-EF2F-4D80-9482-8A63C2AEAD6C}.Release|Any CPU.Build.0 = Release|Any CPU
		{D8D5B2C5-121D-426D-9122-90045297F36B}.Debug|Any CPU.ActiveCfg = Debug|Any CPU
		{D8D5B2C5-121D-426D-9122-90045297F36B}.Debug|Any CPU.Build.0 = Debug|Any CPU
		{D8D5B2C5-121D-426D-9122-90045297F36B}.Release|Any CPU.ActiveCfg = Release|Any CPU
		{D8D5B2C5-121D-426D-9122-90045297F36B}.Release|Any CPU.Build.0 = Release|Any CPU
		{7673DD79-F7F4-4F4C-90EF-21AB188F87B6}.Debug|Any CPU.ActiveCfg = Debug|Any CPU
		{7673DD79-F7F4-4F4C-90EF-21AB188F87B6}.Debug|Any CPU.Build.0 = Debug|Any CPU
		{7673DD79-F7F4-4F4C-90EF-21AB188F87B6}.Release|Any CPU.ActiveCfg = Release|Any CPU
		{7673DD79-F7F4-4F4C-90EF-21AB188F87B6}.Release|Any CPU.Build.0 = Release|Any CPU
	EndGlobalSection
	GlobalSection(SolutionProperties) = preSolution
		HideSolutionNode = FALSE
	EndGlobalSection
	GlobalSection(ExtensibilityGlobals) = postSolution
		SolutionGuid = {C9989149-7171-4134-B48E-F8AE02ED7FCC}
	EndGlobalSection
EndGlobal
